
Microsoft Visual Studio Solution File, Format Version 12.00
# Visual Studio Version 17
VisualStudioVersion = 17.13.35931.197
MinimumVisualStudioVersion = 10.0.40219.1
Project("{2150E333-8FDC-42A3-9474-1A3956D46DE8}") = "src", "src", "{02EA681E-C7D8-13C7-8484-4AC65E1B71E8}"
EndProject
Project("{2150E333-8FDC-42A3-9474-1A3956D46DE8}") = "test", "test", "{782616BC-B271-4ACE-88FA-7B380678086B}"
EndProject
Project("{FAE04EC0-301F-11D3-BF4B-00C04F79EFBC}") = "Aymadoka.Static.Extensions", "src\Aymadoka.Static.Extensions\Aymadoka.Static.Extensions.csproj", "{7F4BEC0A-B8F9-4AC9-9328-52D1FE717557}"
EndProject
Project("{FAE04EC0-301F-11D3-BF4B-00C04F79EFBC}") = "Aymadoka.Static.Extensions.Tests", "test\Aymadoka.Static.Extensions.Tests\Aymadoka.Static.Extensions.Tests.csproj", "{79D333A9-C1ED-8178-8361-383807692988}"
EndProject
Global
	GlobalSection(SolutionConfigurationPlatforms) = preSolution
		Debug|Any CPU = Debug|Any CPU
		Release|Any CPU = Release|Any CPU
	EndGlobalSection
	GlobalSection(ProjectConfigurationPlatforms) = postSolution
		{7F4BEC0A-B8F9-4AC9-9328-52D1FE717557}.Debug|Any CPU.ActiveCfg = Debug|Any CPU
		{7F4BEC0A-B8F9-4AC9-9328-52D1FE717557}.Debug|Any CPU.Build.0 = Debug|Any CPU
		{7F4BEC0A-B8F9-4AC9-9328-52D1FE717557}.Release|Any CPU.ActiveCfg = Release|Any CPU
		{7F4BEC0A-B8F9-4AC9-9328-52D1FE717557}.Release|Any CPU.Build.0 = Release|Any CPU
		{79D333A9-C1ED-8178-8361-383807692988}.Debug|Any CPU.ActiveCfg = Debug|Any CPU
		{79D333A9-C1ED-8178-8361-383807692988}.Debug|Any CPU.Build.0 = Debug|Any CPU
		{79D333A9-C1ED-8178-8361-383807692988}.Release|Any CPU.ActiveCfg = Release|Any CPU
		{79D333A9-C1ED-8178-8361-383807692988}.Release|Any CPU.Build.0 = Release|Any CPU
	EndGlobalSection
	GlobalSection(SolutionProperties) = preSolution
		HideSolutionNode = FALSE
	EndGlobalSection
	GlobalSection(NestedProjects) = preSolution
		{7F4BEC0A-B8F9-4AC9-9328-52D1FE717557} = {02EA681E-C7D8-13C7-8484-4AC65E1B71E8}
		{79D333A9-C1ED-8178-8361-383807692988} = {782616BC-B271-4ACE-88FA-7B380678086B}
	EndGlobalSection
	GlobalSection(ExtensibilityGlobals) = postSolution
		SolutionGuid = {5FC4EF2F-3624-417B-BC40-32DA6AA21664}
	EndGlobalSection
EndGlobal

